{
  "version": 4,
  "terraform_version": "1.0.11",
  "serial": 29,
  "lineage": "c1ef5cd5-e370-1a46-6801-5f27e67e28d2",
  "outputs": {},
  "resources": [
    {
      "module": "module.vnet",
      "mode": "managed",
      "type": "azurerm_linux_virtual_machine",
      "name": "hu19murugtvm",
      "provider": "provider[\"registry.terraform.io/hashicorp/azurerm\"]",
      "instances": [
        {
          "schema_version": 0,
          "attributes": {
            "additional_capabilities": [],
            "admin_password": null,
            "admin_ssh_key": [
              {
                "public_key": "ssh-rsa AAAAB3NzaC1yc2EAAAADAQABAAACAQCi2jeC4zyJlpeFSeZ/BbRcxs4z6W7WTBjv+ervo78xN0lTJ63Gv+fBpeZ31sHZ/rVBTLx31ZOaxOqP2NftnN/pmbp1qes7nf4gVJ2H2knHMNWEBdqYfpOCgKEdEWrSxs+clcOXi4D9XSkGliaQZXMLZ9YjE+Nb1YxlSzbv8uyi1NQdKugIqdxyT3CjsO7ay5ohBxARVuNUWygEnLw3C9R+nTvRdm4RckBWfAbp3+qujgM9810QJl1/0aOqv3UAEBbjcL0cB0ws7WVF0MpP/HEPYE60/IlqoJmHa+k0EW7znTfjXpvlqlg88LN8D56CawwfIWYeK04NP+kPlctmd7pv3TG7O2wLlunDetaGynJ7Kq6B6ovEoOZJnC04nUnSibEC3JoJJ1SN1iCLIA3rMLZHnTjR1/FtFcNPO4e79Sr6v8ACZtV/ioFcpBpLcRuJiH9biMqUAJnv9ndBuD9Fa7LJDvPbfkZbO0saQXjVG9S2zdsyNK9brGJaAHbGiV0YprjUQnnCYMo6n/LeNwS/ouz0NlMA8wJKeivy6UFw6TURZNbyMCFxuTTPrZfa06nOSto+dtyHfDD8hF4IbNi8lUMNlz4FJ3IydID2Kqhx0xm08WoUnlAUBRn6dTfU+bYDjEdQRpQ7ukiYTu7mF1ZxZr6OAPWH9mjZhuSzlO8cZ5//+Q==\n",
                "username": "azureuser"
              }
            ],
            "admin_username": "azureuser",
            "allow_extension_operations": true,
            "availability_set_id": "",
            "boot_diagnostics": [
              {
                "storage_account_uri": "https://hu19murugtstorage.blob.core.windows.net/"
              }
            ],
            "computer_name": "hu19-murugt-vm",
            "custom_data": "c3VkbyBhcHQtZ2V0IHVwZGF0ZQpzdWRvIGFwdCBpbnN0YWxsIGRvY2tlci5pbwpzdWRvIGFwdCBpbnN0YWxsIGdpdA==",
            "dedicated_host_id": "",
            "disable_password_authentication": true,
            "encryption_at_host_enabled": false,
            "eviction_policy": "",
            "extensions_time_budget": "PT1H30M",
            "id": "/subscriptions/fcd4d0d9-59c4-451c-9665-a0001f80e9e2/resourceGroups/AZRG-USE2-CON-NPDHASHEDINAZUREINTERNALPOC-NPD-002/providers/Microsoft.Compute/virtualMachines/hu19-murgt-vm",
            "identity": [],
            "license_type": "",
            "location": "eastus",
            "max_bid_price": -1,
            "name": "hu19-murgt-vm",
            "network_interface_ids": [
              "/subscriptions/fcd4d0d9-59c4-451c-9665-a0001f80e9e2/resourceGroups/AZRG-USE2-CON-NPDHASHEDINAZUREINTERNALPOC-NPD-002/providers/Microsoft.Network/networkInterfaces/hu19-murugt-nic"
            ],
            "os_disk": [
              {
                "caching": "ReadWrite",
                "diff_disk_settings": [],
                "disk_encryption_set_id": "",
                "disk_size_gb": 30,
                "name": "myOsDisk",
                "storage_account_type": "Premium_LRS",
                "write_accelerator_enabled": false
              }
            ],
            "patch_mode": "ImageDefault",
            "plan": [],
            "platform_fault_domain": -1,
            "priority": "Regular",
            "private_ip_address": "10.1.152.4",
            "private_ip_addresses": [
              "10.1.152.4"
            ],
            "provision_vm_agent": true,
            "proximity_placement_group_id": "",
            "public_ip_address": "20.124.112.110",
            "public_ip_addresses": [
              "20.124.112.110"
            ],
            "resource_group_name": "AZRG-USE2-CON-NPDHASHEDINAZUREINTERNALPOC-NPD-002",
            "secret": [],
            "size": "Standard_DS1_v2",
            "source_image_id": "",
            "source_image_reference": [
              {
                "offer": "UbuntuServer",
                "publisher": "Canonical",
                "sku": "18.04-LTS",
                "version": "latest"
              }
            ],
            "tags": {
              "BILLINGCODE": "LPX02939-01-01-01-0000",
              "COUNTRY": "US",
              "FUNCTION": "CON",
              "MEMBERFIRM": "US",
              "createdby": "murugaraj",
              "environment": "practice"
            },
            "timeouts": null,
            "virtual_machine_id": "f43a8765-5e7c-4db1-9b6b-4c613c61665a",
            "virtual_machine_scale_set_id": "",
            "zone": ""
          },
          "sensitive_attributes": [],
          "private": "eyJlMmJmYjczMC1lY2FhLTExZTYtOGY4OC0zNDM2M2JjN2M0YzAiOnsiY3JlYXRlIjoyNzAwMDAwMDAwMDAwLCJkZWxldGUiOjI3MDAwMDAwMDAwMDAsInJlYWQiOjMwMDAwMDAwMDAwMCwidXBkYXRlIjoyNzAwMDAwMDAwMDAwfX0=",
          "dependencies": [
            "module.vnet.azurerm_network_interface.hu19murugtnic",
            "module.vnet.azurerm_public_ip.hu19murugtip",
            "module.vnet.azurerm_storage_account.hu19murugtstorageaccount",
            "module.vnet.azurerm_subnet.hu19murugtsubnet",
            "module.vnet.tls_private_key.example_ssh"
          ]
        }
      ]
    },
    {
      "module": "module.vnet",
      "mode": "managed",
      "type": "azurerm_network_interface",
      "name": "hu19murugtnic",
      "provider": "provider[\"registry.terraform.io/hashicorp/azurerm\"]",
      "instances": [
        {
          "schema_version": 0,
          "attributes": {
            "applied_dns_servers": [],
            "dns_servers": [],
            "enable_accelerated_networking": false,
            "enable_ip_forwarding": false,
            "id": "/subscriptions/fcd4d0d9-59c4-451c-9665-a0001f80e9e2/resourceGroups/AZRG-USE2-CON-NPDHASHEDINAZUREINTERNALPOC-NPD-002/providers/Microsoft.Network/networkInterfaces/hu19-murugt-nic",
            "internal_dns_name_label": "",
            "internal_domain_name_suffix": "vilknzajbj4ejos4roafvowduf.bx.internal.cloudapp.net",
            "ip_configuration": [
              {
                "gateway_load_balancer_frontend_ip_configuration_id": "",
                "name": "hu19-murugt-nic-config",
                "primary": true,
                "private_ip_address": "10.1.152.4",
                "private_ip_address_allocation": "Dynamic",
                "private_ip_address_version": "IPv4",
                "public_ip_address_id": "/subscriptions/fcd4d0d9-59c4-451c-9665-a0001f80e9e2/resourceGroups/AZRG-USE2-CON-NPDHASHEDINAZUREINTERNALPOC-NPD-002/providers/Microsoft.Network/publicIPAddresses/hu19murugtip",
                "subnet_id": "/subscriptions/fcd4d0d9-59c4-451c-9665-a0001f80e9e2/resourceGroups/AZRG-USE2-CON-NPDHASHEDINAZUREINTERNALPOC-NPD-002/providers/Microsoft.Network/virtualNetworks/hu19-tf-vnet/subnets/hu19murugtsubnet"
              }
            ],
            "location": "eastus",
            "mac_address": "",
            "name": "hu19-murugt-nic",
            "private_ip_address": "10.1.152.4",
            "private_ip_addresses": [
              "10.1.152.4"
            ],
            "resource_group_name": "AZRG-USE2-CON-NPDHASHEDINAZUREINTERNALPOC-NPD-002",
            "tags": {
              "BILLINGCODE": "LPX02939-01-01-01-0000",
              "COUNTRY": "US",
              "FUNCTION": "CON",
              "MEMBERFIRM": "US",
              "createdby": "murugaraj",
              "environment": "practice"
            },
            "timeouts": null,
            "virtual_machine_id": ""
          },
          "sensitive_attributes": [],
          "private": "eyJlMmJmYjczMC1lY2FhLTExZTYtOGY4OC0zNDM2M2JjN2M0YzAiOnsiY3JlYXRlIjoxODAwMDAwMDAwMDAwLCJkZWxldGUiOjE4MDAwMDAwMDAwMDAsInJlYWQiOjMwMDAwMDAwMDAwMCwidXBkYXRlIjoxODAwMDAwMDAwMDAwfX0=",
          "dependencies": [
            "module.vnet.azurerm_public_ip.hu19murugtip",
            "module.vnet.azurerm_subnet.hu19murugtsubnet"
          ]
        }
      ]
    },
    {
      "module": "module.vnet",
      "mode": "managed",
      "type": "azurerm_network_interface_security_group_association",
      "name": "hu19murugtnsg",
      "provider": "provider[\"registry.terraform.io/hashicorp/azurerm\"]",
      "instances": [
        {
          "schema_version": 0,
          "attributes": {
            "id": "/subscriptions/fcd4d0d9-59c4-451c-9665-a0001f80e9e2/resourceGroups/AZRG-USE2-CON-NPDHASHEDINAZUREINTERNALPOC-NPD-002/providers/Microsoft.Network/networkInterfaces/hu19-murugt-nic|/subscriptions/fcd4d0d9-59c4-451c-9665-a0001f80e9e2/resourceGroups/AZRG-USE2-CON-NPDHASHEDINAZUREINTERNALPOC-NPD-002/providers/Microsoft.Network/networkSecurityGroups/hu19murugtnsg",
            "network_interface_id": "/subscriptions/fcd4d0d9-59c4-451c-9665-a0001f80e9e2/resourceGroups/AZRG-USE2-CON-NPDHASHEDINAZUREINTERNALPOC-NPD-002/providers/Microsoft.Network/networkInterfaces/hu19-murugt-nic",
            "network_security_group_id": "/subscriptions/fcd4d0d9-59c4-451c-9665-a0001f80e9e2/resourceGroups/AZRG-USE2-CON-NPDHASHEDINAZUREINTERNALPOC-NPD-002/providers/Microsoft.Network/networkSecurityGroups/hu19murugtnsg",
            "timeouts": null
          },
          "sensitive_attributes": [],
          "private": "eyJlMmJmYjczMC1lY2FhLTExZTYtOGY4OC0zNDM2M2JjN2M0YzAiOnsiY3JlYXRlIjoxODAwMDAwMDAwMDAwLCJkZWxldGUiOjE4MDAwMDAwMDAwMDAsInJlYWQiOjMwMDAwMDAwMDAwMCwidXBkYXRlIjoxODAwMDAwMDAwMDAwfX0=",
          "dependencies": [
            "module.vnet.azurerm_network_interface.hu19murugtnic",
            "module.vnet.azurerm_network_security_group.hu19murugtnsg",
            "module.vnet.azurerm_public_ip.hu19murugtip",
            "module.vnet.azurerm_subnet.hu19murugtsubnet"
          ]
        }
      ]
    },
    {
      "module": "module.vnet",
      "mode": "managed",
      "type": "azurerm_network_security_group",
      "name": "hu19murugtnsg",
      "provider": "provider[\"registry.terraform.io/hashicorp/azurerm\"]",
      "instances": [
        {
          "schema_version": 0,
          "attributes": {
            "id": "/subscriptions/fcd4d0d9-59c4-451c-9665-a0001f80e9e2/resourceGroups/AZRG-USE2-CON-NPDHASHEDINAZUREINTERNALPOC-NPD-002/providers/Microsoft.Network/networkSecurityGroups/hu19murugtnsg",
            "location": "eastus",
            "name": "hu19murugtnsg",
            "resource_group_name": "AZRG-USE2-CON-NPDHASHEDINAZUREINTERNALPOC-NPD-002",
            "security_rule": [
              {
                "access": "Allow",
                "description": "",
                "destination_address_prefix": "*",
                "destination_address_prefixes": [],
                "destination_application_security_group_ids": [],
                "destination_port_range": "22",
                "destination_port_ranges": [],
                "direction": "Inbound",
                "name": "SSH",
                "priority": 1001,
                "protocol": "Tcp",
                "source_address_prefix": "*",
                "source_address_prefixes": [],
                "source_application_security_group_ids": [],
                "source_port_range": "*",
                "source_port_ranges": []
              }
            ],
            "tags": {
              "BILLINGCODE": "LPX02939-01-01-01-0000",
              "COUNTRY": "US",
              "FUNCTION": "CON",
              "MEMBERFIRM": "US",
              "createdby": "murugraj",
              "environment": "practice"
            },
            "timeouts": null
          },
          "sensitive_attributes": [],
          "private": "eyJlMmJmYjczMC1lY2FhLTExZTYtOGY4OC0zNDM2M2JjN2M0YzAiOnsiY3JlYXRlIjoxODAwMDAwMDAwMDAwLCJkZWxldGUiOjE4MDAwMDAwMDAwMDAsInJlYWQiOjMwMDAwMDAwMDAwMCwidXBkYXRlIjoxODAwMDAwMDAwMDAwfX0="
        }
      ]
    },
    {
      "module": "module.vnet",
      "mode": "managed",
      "type": "azurerm_public_ip",
      "name": "hu19murugtip",
      "provider": "provider[\"registry.terraform.io/hashicorp/azurerm\"]",
      "instances": [
        {
          "schema_version": 0,
          "attributes": {
            "allocation_method": "Dynamic",
            "availability_zone": "No-Zone",
            "domain_name_label": null,
            "fqdn": null,
            "id": "/subscriptions/fcd4d0d9-59c4-451c-9665-a0001f80e9e2/resourceGroups/AZRG-USE2-CON-NPDHASHEDINAZUREINTERNALPOC-NPD-002/providers/Microsoft.Network/publicIPAddresses/hu19murugtip",
            "idle_timeout_in_minutes": 4,
            "ip_address": "",
            "ip_tags": null,
            "ip_version": "IPv4",
            "location": "eastus",
            "name": "hu19murugtip",
            "public_ip_prefix_id": null,
            "resource_group_name": "AZRG-USE2-CON-NPDHASHEDINAZUREINTERNALPOC-NPD-002",
            "reverse_fqdn": null,
            "sku": "Basic",
            "sku_tier": "Regional",
            "tags": {
              "BILLINGCODE": "LPX02939-01-01-01-0000",
              "COUNTRY": "US",
              "FUNCTION": "CON",
              "MEMBERFIRM": "US",
              "createdby": "murugaraj",
              "environment": "practice"
            },
            "timeouts": null,
            "zones": []
          },
          "sensitive_attributes": [],
          "private": "eyJlMmJmYjczMC1lY2FhLTExZTYtOGY4OC0zNDM2M2JjN2M0YzAiOnsiY3JlYXRlIjoxODAwMDAwMDAwMDAwLCJkZWxldGUiOjE4MDAwMDAwMDAwMDAsInJlYWQiOjMwMDAwMDAwMDAwMCwidXBkYXRlIjoxODAwMDAwMDAwMDAwfX0="
        }
      ]
    },
    {
      "module": "module.vnet",
      "mode": "managed",
      "type": "azurerm_storage_account",
      "name": "hu19murugtstorageaccount",
      "provider": "provider[\"registry.terraform.io/hashicorp/azurerm\"]",
      "instances": [
        {
          "schema_version": 2,
          "attributes": {
            "access_tier": "Hot",
            "account_kind": "StorageV2",
            "account_replication_type": "LRS",
            "account_tier": "Standard",
            "allow_blob_public_access": false,
            "azure_files_authentication": [],
            "blob_properties": [
              {
                "change_feed_enabled": false,
                "container_delete_retention_policy": [],
                "cors_rule": [],
                "default_service_version": "",
                "delete_retention_policy": [],
                "last_access_time_enabled": false,
                "versioning_enabled": false
              }
            ],
            "custom_domain": [],
            "enable_https_traffic_only": true,
            "id": "/subscriptions/fcd4d0d9-59c4-451c-9665-a0001f80e9e2/resourceGroups/AZRG-USE2-CON-NPDHASHEDINAZUREINTERNALPOC-NPD-002/providers/Microsoft.Storage/storageAccounts/hu19murugtstorage",
            "identity": [],
            "is_hns_enabled": false,
            "large_file_share_enabled": null,
            "location": "eastus",
            "min_tls_version": "TLS1_0",
            "name": "hu19murugtstorage",
            "network_rules": [
              {
                "bypass": [
                  "AzureServices"
                ],
                "default_action": "Allow",
                "ip_rules": [],
                "private_link_access": [],
                "virtual_network_subnet_ids": []
              }
            ],
            "nfsv3_enabled": false,
            "primary_access_key": "cn21wh4xI8QRoVbOxCjHHu0o/nkDBGTsApz4oaacw9htsoPEAmQCuP6t9cQRRc5j4Noq82ZiTcrI+q4IPAjgOw==",
            "primary_blob_connection_string": "DefaultEndpointsProtocol=https;BlobEndpoint=https://hu19murugtstorage.blob.core.windows.net/;AccountName=hu19murugtstorage;AccountKey=cn21wh4xI8QRoVbOxCjHHu0o/nkDBGTsApz4oaacw9htsoPEAmQCuP6t9cQRRc5j4Noq82ZiTcrI+q4IPAjgOw==",
            "primary_blob_endpoint": "https://hu19murugtstorage.blob.core.windows.net/",
            "primary_blob_host": "hu19murugtstorage.blob.core.windows.net",
            "primary_connection_string": "DefaultEndpointsProtocol=https;AccountName=hu19murugtstorage;AccountKey=cn21wh4xI8QRoVbOxCjHHu0o/nkDBGTsApz4oaacw9htsoPEAmQCuP6t9cQRRc5j4Noq82ZiTcrI+q4IPAjgOw==;EndpointSuffix=core.windows.net",
            "primary_dfs_endpoint": "https://hu19murugtstorage.dfs.core.windows.net/",
            "primary_dfs_host": "hu19murugtstorage.dfs.core.windows.net",
            "primary_file_endpoint": "https://hu19murugtstorage.file.core.windows.net/",
            "primary_file_host": "hu19murugtstorage.file.core.windows.net",
            "primary_location": "eastus",
            "primary_queue_endpoint": "https://hu19murugtstorage.queue.core.windows.net/",
            "primary_queue_host": "hu19murugtstorage.queue.core.windows.net",
            "primary_table_endpoint": "https://hu19murugtstorage.table.core.windows.net/",
            "primary_table_host": "hu19murugtstorage.table.core.windows.net",
            "primary_web_endpoint": "https://hu19murugtstorage.z13.web.core.windows.net/",
            "primary_web_host": "hu19murugtstorage.z13.web.core.windows.net",
            "queue_encryption_key_type": "Service",
            "queue_properties": [
              {
                "cors_rule": [],
                "hour_metrics": [
                  {
                    "enabled": true,
                    "include_apis": true,
                    "retention_policy_days": 7,
                    "version": "1.0"
                  }
                ],
                "logging": [
                  {
                    "delete": false,
                    "read": false,
                    "retention_policy_days": 0,
                    "version": "1.0",
                    "write": false
                  }
                ],
                "minute_metrics": [
                  {
                    "enabled": false,
                    "include_apis": false,
                    "retention_policy_days": 0,
                    "version": "1.0"
                  }
                ]
              }
            ],
            "resource_group_name": "AZRG-USE2-CON-NPDHASHEDINAZUREINTERNALPOC-NPD-002",
            "routing": [],
            "secondary_access_key": "S2UeTbBL1d1yFiyZo/v5x7BPJNYNlAx588GmKBAyluxgpHvJ3C7fadxolt/nRGHXEQuFjnUTOuN+/VtkuIZlRw==",
            "secondary_blob_connection_string": "",
            "secondary_blob_endpoint": null,
            "secondary_blob_host": null,
            "secondary_connection_string": "DefaultEndpointsProtocol=https;AccountName=hu19murugtstorage;AccountKey=S2UeTbBL1d1yFiyZo/v5x7BPJNYNlAx588GmKBAyluxgpHvJ3C7fadxolt/nRGHXEQuFjnUTOuN+/VtkuIZlRw==;EndpointSuffix=core.windows.net",
            "secondary_dfs_endpoint": null,
            "secondary_dfs_host": null,
            "secondary_file_endpoint": null,
            "secondary_file_host": null,
            "secondary_location": "",
            "secondary_queue_endpoint": null,
            "secondary_queue_host": null,
            "secondary_table_endpoint": null,
            "secondary_table_host": null,
            "secondary_web_endpoint": null,
            "secondary_web_host": null,
            "share_properties": [
              {
                "cors_rule": [],
                "retention_policy": [
                  {
                    "days": 7
                  }
                ],
                "smb": []
              }
            ],
            "shared_access_key_enabled": true,
            "static_website": [],
            "table_encryption_key_type": "Service",
            "tags": {
              "BILLINGCODE": "LPX02939-01-01-01-0000",
              "COUNTRY": "US",
              "FUNCTION": "CON",
              "MEMBERFIRM": "US",
              "createdby": "murugaraj",
              "environment": "practice"
            },
            "timeouts": null
          },
          "sensitive_attributes": [],
          "private": "eyJlMmJmYjczMC1lY2FhLTExZTYtOGY4OC0zNDM2M2JjN2M0YzAiOnsiY3JlYXRlIjozNjAwMDAwMDAwMDAwLCJkZWxldGUiOjM2MDAwMDAwMDAwMDAsInJlYWQiOjMwMDAwMDAwMDAwMCwidXBkYXRlIjozNjAwMDAwMDAwMDAwfSwic2NoZW1hX3ZlcnNpb24iOiIyIn0="
        }
      ]
    },
    {
      "module": "module.vnet",
      "mode": "managed",
      "type": "azurerm_storage_blob",
      "name": "hu19murugtblob",
      "provider": "provider[\"registry.terraform.io/hashicorp/azurerm\"]",
      "instances": [
        {
          "schema_version": 1,
          "attributes": {
            "access_tier": "Hot",
            "cache_control": "",
            "content_md5": "",
            "content_type": "application/octet-stream",
            "id": "https://hu19murugtstorage.blob.core.windows.net/hu19-murugt-container/hu19-murugt-blob",
            "metadata": {},
            "name": "hu19-murugt-blob",
            "parallelism": 8,
            "size": 0,
            "source": "cloud-init.txt",
            "source_content": null,
            "source_uri": null,
            "storage_account_name": "hu19murugtstorage",
            "storage_container_name": "hu19-murugt-container",
            "timeouts": null,
            "type": "Block",
            "url": "https://hu19murugtstorage.blob.core.windows.net/hu19-murugt-container/hu19-murugt-blob"
          },
          "sensitive_attributes": [],
          "private": "eyJlMmJmYjczMC1lY2FhLTExZTYtOGY4OC0zNDM2M2JjN2M0YzAiOnsiY3JlYXRlIjoxODAwMDAwMDAwMDAwLCJkZWxldGUiOjE4MDAwMDAwMDAwMDAsInJlYWQiOjMwMDAwMDAwMDAwMCwidXBkYXRlIjoxODAwMDAwMDAwMDAwfSwic2NoZW1hX3ZlcnNpb24iOiIxIn0=",
          "dependencies": [
            "module.vnet.azurerm_storage_account.hu19murugtstorageaccount",
            "module.vnet.azurerm_storage_container.hu19murugtstoragecontainer"
          ]
        }
      ]
    },
    {
      "module": "module.vnet",
      "mode": "managed",
      "type": "azurerm_storage_container",
      "name": "hu19murugtstoragecontainer",
      "provider": "provider[\"registry.terraform.io/hashicorp/azurerm\"]",
      "instances": [
        {
          "schema_version": 1,
          "attributes": {
            "container_access_type": "private",
            "has_immutability_policy": false,
            "has_legal_hold": false,
            "id": "https://hu19murugtstorage.blob.core.windows.net/hu19-murugt-container",
            "metadata": {},
            "name": "hu19-murugt-container",
            "resource_manager_id": "/subscriptions/fcd4d0d9-59c4-451c-9665-a0001f80e9e2/resourceGroups/AZRG-USE2-CON-NPDHASHEDINAZUREINTERNALPOC-NPD-002/providers/Microsoft.Storage/storageAccounts/hu19murugtstorage/blobServices/default/containers/hu19-murugt-container",
            "storage_account_name": "hu19murugtstorage",
            "timeouts": null
          },
          "sensitive_attributes": [],
          "private": "eyJlMmJmYjczMC1lY2FhLTExZTYtOGY4OC0zNDM2M2JjN2M0YzAiOnsiY3JlYXRlIjoxODAwMDAwMDAwMDAwLCJkZWxldGUiOjE4MDAwMDAwMDAwMDAsInJlYWQiOjMwMDAwMDAwMDAwMCwidXBkYXRlIjoxODAwMDAwMDAwMDAwfSwic2NoZW1hX3ZlcnNpb24iOiIxIn0=",
          "dependencies": [
            "module.vnet.azurerm_storage_account.hu19murugtstorageaccount"
          ]
        }
      ]
    },
    {
      "module": "module.vnet",
      "mode": "managed",
      "type": "azurerm_subnet",
      "name": "hu19murugtsubnet",
      "provider": "provider[\"registry.terraform.io/hashicorp/azurerm\"]",
      "instances": [
        {
          "schema_version": 0,
          "attributes": {
            "address_prefix": "10.1.152.0/21",
            "address_prefixes": [
              "10.1.152.0/21"
            ],
            "delegation": [],
            "enforce_private_link_endpoint_network_policies": false,
            "enforce_private_link_service_network_policies": false,
            "id": "/subscriptions/fcd4d0d9-59c4-451c-9665-a0001f80e9e2/resourceGroups/AZRG-USE2-CON-NPDHASHEDINAZUREINTERNALPOC-NPD-002/providers/Microsoft.Network/virtualNetworks/hu19-tf-vnet/subnets/hu19murugtsubnet",
            "name": "hu19murugtsubnet",
            "resource_group_name": "AZRG-USE2-CON-NPDHASHEDINAZUREINTERNALPOC-NPD-002",
            "service_endpoint_policy_ids": null,
            "service_endpoints": null,
            "timeouts": null,
            "virtual_network_name": "hu19-tf-vnet"
          },
          "sensitive_attributes": [],
          "private": "eyJlMmJmYjczMC1lY2FhLTExZTYtOGY4OC0zNDM2M2JjN2M0YzAiOnsiY3JlYXRlIjoxODAwMDAwMDAwMDAwLCJkZWxldGUiOjE4MDAwMDAwMDAwMDAsInJlYWQiOjMwMDAwMDAwMDAwMCwidXBkYXRlIjoxODAwMDAwMDAwMDAwfX0="
        }
      ]
    },
    {
      "module": "module.vnet",
      "mode": "managed",
      "type": "tls_private_key",
      "name": "example_ssh",
      "provider": "provider[\"registry.terraform.io/hashicorp/tls\"]",
      "instances": [
        {
          "schema_version": 0,
          "attributes": {
            "algorithm": "RSA",
            "ecdsa_curve": "P224",
            "id": "3f0b33ddbf7ada5ddb254fe282556b0d9469d1ed",
            "private_key_pem": "-----BEGIN RSA PRIVATE KEY-----\nMIIJKAIBAAKCAgEAoto3guM8iZaXhUnmfwW0XMbOM+lu1kwY7/nq76O/MTdJUyet\nxr/nwaXmd9bB2f61QUy8d9WTmsTqj9jX7Zzf6Zm6danrO53+IFSdh9pJxzDVhAXa\nmH6TgoChHRFq0sbPnJXDl4uA/V0pBpYmkGVzC2fWIxPjW9WMZUs27/LsotTUHSro\nCKncck9wo7Du2suaIQcQEVbjVFsoBJy8NwvUfp070XZuEXJAVnwG6d/qro4DPfNd\nECZdf9Gjqr91ABAW43C9HAdMLO1lRdDKT/xxD2BOtPyJaqCZh2vpNBFu8503416b\n5apYPPCzfA+egmsMHyFmHitODT/pD5XLZne6b90xuztsC5bpw3rWhspyeyqugeqL\nxKDmSZwtOJ1J0omxAtyaCSdUjdYgiyAN6zC2R5040dfxbRXDTzuHu/Uq+r/AAmbV\nf4qBXKQaS3EbiYh/W4jKlACZ7/Z3Qbg/RWuyyQ7z235GWztLGkF41RvUts3bMjSv\nW6xiWgB2xoldGKa41EJ5wmDKOp/y3jcEv6Ls9DZTAPMCSnor8ulBcOk1EWTW8jAh\ncbk0z62X2tOpzkraPnbch3ww/IReCGzYvJVDDZc+BSdyMnSA9iqocdMZtPFqFJ5Q\nFAUZ+nU31Pm2A4xHUEaUO7pImE7u5hdWcWa+jgD1h/Zo2Ybks5TvHGef//kCAwEA\nAQKCAgEAnkNHs1G2oVfSRNx+vm8Cyy8Bcf2nk2c8zOqp4N3XjrLV9ZQYE5CoX88k\nXM4+ceZQq/cxKZxL6Br6gXUQ04CjMlgNlw/c5YEzWKQiu8Xt8UCKH9W4jH5mSGtN\nJ/ynPdOsK9Z30KzoXFHO7vG45JdS6ICu4EQRrkuoN0CTUTlZsxz2TqpF+TVqYUTG\niK4IUmWPkg1VFiTEpFQ6XdEcMLq0dZ/EZFmduiK4V9QMu/i6D40/pVL+3BUMxI0t\na2DJCZiZRctoXPbSls7WnrS8CGOiVHkZxFWwDgmpaqv6ZHmUw/fEOpjVFKspOYAK\nTcS4HLJ/gzloDmWzYrj7fAPtOdWdPlBiXopGnUCwRqqVTZcljVCFtGowZwuUOJYe\nVNPDUcxFoMgSpCaYy6UH3kdIUBhW+uExvaF0Y6e7srMJe2Q030mymRZR+Ndq3BZm\nz2/hXtw6e5UG//zFGA6k7QAdguJ0pnbcDq31i5019mJ7WmTceeA/SDfj8Flv0mvf\np/M4WTCrNBzztl67QsGlFfaiG/YCjIc1egyGa+OAV/qaqtbJYOvSuy5GavrHPNTT\nso15z4j81ghMoUyA8cQjOAAXnrxAKA/lWqtEiGDi8xBghgA0DQ1XmfxdQH5QJFbl\nTOXOixWT7Xp2Pvy5th04voDg8OC1UotXvIY75XeU5kD7jnoQVYkCggEBAMih6569\nUhx0LuyNCSz5OAgIGwf9XLoDDtL9//36bL67aGASyezkpNZ/48zFyBgy0ZKLphzH\n+1a48780jZgn/fl+FS7JYdfWLw20CtAfVHhTeKOu+fRVh2RU3Qm6UoZGu9ZT2OXk\nPeny7p5fyqqnWVyVD4RPTf8skWm/Jn2fYjnEApAAizIIoUiIRSlY5PyzQTf+pQ0g\njQyiZSLi4qIa9ktgLFwARvH8FiGfP6RC+izshQpdtPzwYc5rAPhfhjimVo0CVg6e\nOhLUxKqfnBIiQJH1hrfb5V5mFt5fhBzN5O72OL34WkIeljC4c75wMGj2Os1MOaZh\nExkpEM6RNnIPUpcCggEBAM/LP0dBkM/qRKEVDU8xpkd/FGXaXF/HtjC0ytmn+v9F\nZMuqexK8sGe1q5C0dtvfGaAX/Sot9z2JJ1/RcF9PS4eWH5I3QZ5MmArGiRS+Hpyt\nu2TBey3n5J7pjSdRgvx6yIfKWFSZGDOy0bQmQuYRYvRLxNiBRPRxQ6RZ3BXN+1TQ\nVdUjWriTyYHUmdOGfqjFjOn7ot2fuPdxwrk7K6yf9qFIgTApM3SYtAgjcK23T3SD\nuAEf6ol4CB/XocHTX66zxPijZF1Qn5oRiEycb7h8Pqi8UhMWznePTymCQoZo9MFZ\n7CdpRRFkOQ93P+mYMl6y/BCon4WoDHMsgNGhTpRa4+8CggEAfADoGnK1H3UH05jQ\nBQX8BarM2kFUYHunW+01nYp8T96RAmBagZpH73OYHmZX5+zw7vx1LPDFfbJOpO0c\nXuDI7r1o5kP9v2NYLcYLsNrMYJpmw/RP9R4v0mlJPMv2WZu6WRv1wREy2zgVF7np\nD1TjvH882fASKxcmwQ8uARLTqRRm6Q4M+l2vIZ9n78hLr4wzUSKIbPajdx2gGNHW\ndY7oj2nfwPVC5CmEnD9LHIFxEvcUu3VzeaoxKV2led3AnZ7he8Hn4p0VE7KB41tH\nIUYeVphELbsxpwi+Na8ffpYbWz6/j1rCnn89INvAXgIFSbp2WZE1SIpTPYfOJX5H\nAnRJ/QKCAQByT5hnBb25c2H/z4n72A9mY5WAFqkck8w5bSvuowdkaPNzSzzbaOwO\nkZVpTK3adRguxyOhkZniw1Hi11/fPssJMt/5WuaBRBecTe3ZeGF0xepCGmI+NcTC\nWy8owyGw7YbllL4VBAeZYTUVyrqgwE3UoN4QUMTzSF/yyPBXGnK6DMY7M3DT+5Eu\nGBvrjqCdDdhgW+sTyqtBjNaXeeKj23gc77sKGJBTAzJ/C6gQGLjgGxodnEY1C9BE\nXCaDb1nCzOh987zhzNmQMzbtFl4rekYqIzdvgutgQHlHF36rXI/Q0jwkzjeNwrnV\nNT/2rKCBEiuyqmDfcTwwG/pd2ERXPs0HAoIBADH2tOjc9HynWlI4bZjph78h9oll\n6NOwhLhHZnUktE9t6GFD7nOqKGJSL/ATmxJmMd6F0uDCXFP5+m2cerVJ+4YVFz6j\n/Z3LjwtEet8fNQ/K9KViThiUrwtozJ8BlyMQWY5L4Q5WXIoCNUzLxlrfEx/rQvjw\nhaqZZOPnrIzpyhJ9SODQVPNqfJmtT2X/ByKr1SZtnLJBh8CD1wEkY26TzbiCTLdb\niCdsQTufaKEIVOnz9vsFqI5aDnSrXPL0f8hDhaKenSRSVfzSQ8SPZqevPjwtM4bj\nQYVsiwUWuBkWF76sd1rfeKtuEjeQ4EEtdwpc51xBt/4m2sRLJLcwFuQn3B8=\n-----END RSA PRIVATE KEY-----\n",
            "public_key_fingerprint_md5": "fc:1c:29:e7:5a:25:cf:18:94:ea:fe:f2:1d:34:3c:9a",
            "public_key_openssh": "ssh-rsa AAAAB3NzaC1yc2EAAAADAQABAAACAQCi2jeC4zyJlpeFSeZ/BbRcxs4z6W7WTBjv+ervo78xN0lTJ63Gv+fBpeZ31sHZ/rVBTLx31ZOaxOqP2NftnN/pmbp1qes7nf4gVJ2H2knHMNWEBdqYfpOCgKEdEWrSxs+clcOXi4D9XSkGliaQZXMLZ9YjE+Nb1YxlSzbv8uyi1NQdKugIqdxyT3CjsO7ay5ohBxARVuNUWygEnLw3C9R+nTvRdm4RckBWfAbp3+qujgM9810QJl1/0aOqv3UAEBbjcL0cB0ws7WVF0MpP/HEPYE60/IlqoJmHa+k0EW7znTfjXpvlqlg88LN8D56CawwfIWYeK04NP+kPlctmd7pv3TG7O2wLlunDetaGynJ7Kq6B6ovEoOZJnC04nUnSibEC3JoJJ1SN1iCLIA3rMLZHnTjR1/FtFcNPO4e79Sr6v8ACZtV/ioFcpBpLcRuJiH9biMqUAJnv9ndBuD9Fa7LJDvPbfkZbO0saQXjVG9S2zdsyNK9brGJaAHbGiV0YprjUQnnCYMo6n/LeNwS/ouz0NlMA8wJKeivy6UFw6TURZNbyMCFxuTTPrZfa06nOSto+dtyHfDD8hF4IbNi8lUMNlz4FJ3IydID2Kqhx0xm08WoUnlAUBRn6dTfU+bYDjEdQRpQ7ukiYTu7mF1ZxZr6OAPWH9mjZhuSzlO8cZ5//+Q==\n",
            "public_key_pem": "-----BEGIN PUBLIC KEY-----\nMIICIjANBgkqhkiG9w0BAQEFAAOCAg8AMIICCgKCAgEAoto3guM8iZaXhUnmfwW0\nXMbOM+lu1kwY7/nq76O/MTdJUyetxr/nwaXmd9bB2f61QUy8d9WTmsTqj9jX7Zzf\n6Zm6danrO53+IFSdh9pJxzDVhAXamH6TgoChHRFq0sbPnJXDl4uA/V0pBpYmkGVz\nC2fWIxPjW9WMZUs27/LsotTUHSroCKncck9wo7Du2suaIQcQEVbjVFsoBJy8NwvU\nfp070XZuEXJAVnwG6d/qro4DPfNdECZdf9Gjqr91ABAW43C9HAdMLO1lRdDKT/xx\nD2BOtPyJaqCZh2vpNBFu8503416b5apYPPCzfA+egmsMHyFmHitODT/pD5XLZne6\nb90xuztsC5bpw3rWhspyeyqugeqLxKDmSZwtOJ1J0omxAtyaCSdUjdYgiyAN6zC2\nR5040dfxbRXDTzuHu/Uq+r/AAmbVf4qBXKQaS3EbiYh/W4jKlACZ7/Z3Qbg/RWuy\nyQ7z235GWztLGkF41RvUts3bMjSvW6xiWgB2xoldGKa41EJ5wmDKOp/y3jcEv6Ls\n9DZTAPMCSnor8ulBcOk1EWTW8jAhcbk0z62X2tOpzkraPnbch3ww/IReCGzYvJVD\nDZc+BSdyMnSA9iqocdMZtPFqFJ5QFAUZ+nU31Pm2A4xHUEaUO7pImE7u5hdWcWa+\njgD1h/Zo2Ybks5TvHGef//kCAwEAAQ==\n-----END PUBLIC KEY-----\n",
            "rsa_bits": 4096
          },
          "sensitive_attributes": [],
          "private": "bnVsbA=="
        }
      ]
    }
  ]
}
