{
  "version": 4,
  "terraform_version": "1.0.11",
  "serial": 35,
  "lineage": "3bf49f2d-fd50-7b10-45d7-ffc6167ea340",
  "outputs": {},
  "resources": [
    {
      "mode": "managed",
      "type": "aws_db_instance",
      "name": "DataBase",
      "provider": "provider[\"registry.terraform.io/hashicorp/aws\"]",
      "instances": []
    },
    {
      "mode": "managed",
      "type": "aws_db_subnet_group",
      "name": "db_subnet",
      "provider": "provider[\"registry.terraform.io/hashicorp/aws\"]",
      "instances": []
    },
    {
      "mode": "managed",
      "type": "aws_instance",
      "name": "WordPress",
      "provider": "provider[\"registry.terraform.io/hashicorp/aws\"]",
      "instances": []
    },
    {
      "mode": "managed",
      "type": "aws_key_pair",
      "name": "deployer",
      "provider": "provider[\"registry.terraform.io/hashicorp/aws\"]",
      "instances": [
        {
          "schema_version": 1,
          "attributes": {
            "arn": "arn:aws:ec2:ap-south-1:035825521573:key-pair/word-key",
            "fingerprint": "34:ce:a0:7f:7b:99:3e:2c:03:07:0b:72:70:5f:62:28",
            "id": "word-key",
            "key_name": "word-key",
            "key_name_prefix": "",
            "key_pair_id": "key-072a871a3fedcf0a0",
            "public_key": "ssh-rsa AAAAB3NzaC1yc2EAAAADAQABAAABAQC/mKaI7ZPs5j74BTeQYF2a/6YbuiZWfJFnywnRA3OGZE6ejCisQmuCdfI2xj/Zah7MGudqKehXctwCd28x9wFstmhvsiRl2NLATDCRtZh6gaBISby0m6ovibRlbkUwJIwnWqF01VjuW6ISGHSK7D0Oidu8VHuXbza/+ciCZMXh6Co1GrejNA+P87atLDV9+wlNKz1EpfZGdLLC/WCvl0Txmw5oieNSarrObDckNlksHQ51l7cHU19GDnjyRVC6MggGnTo/q+IXt+kXk7Qyp0wF5QcCSFZ7K3UA3VbuUtTUDqsfc4NcUERc8BLQEFMCujI8TQ0RaL+x/7r+hsTcaR/p",
            "tags": {},
            "tags_all": {}
          },
          "sensitive_attributes": [],
          "private": "eyJzY2hlbWFfdmVyc2lvbiI6IjEifQ==",
          "dependencies": [
            "tls_private_key.my_key"
          ]
        }
      ]
    },
    {
      "mode": "managed",
      "type": "aws_security_group",
      "name": "SG_private_subnet_",
      "provider": "provider[\"registry.terraform.io/hashicorp/aws\"]",
      "instances": [
        {
          "schema_version": 1,
          "attributes": {
            "arn": "arn:aws:ec2:ap-south-1:035825521573:security-group/sg-08f246067c0718a25",
            "description": "MYSQL",
            "egress": [
              {
                "cidr_blocks": [
                  "0.0.0.0/0"
                ],
                "description": "",
                "from_port": 0,
                "ipv6_cidr_blocks": [],
                "prefix_list_ids": [],
                "protocol": "-1",
                "security_groups": [],
                "self": false,
                "to_port": 0
              }
            ],
            "id": "sg-08f246067c0718a25",
            "ingress": [
              {
                "cidr_blocks": [
                  "0.0.0.0/0"
                ],
                "description": "MYSQL Port",
                "from_port": 3306,
                "ipv6_cidr_blocks": [],
                "prefix_list_ids": [],
                "protocol": "tcp",
                "security_groups": [],
                "self": false,
                "to_port": 3306
              }
            ],
            "name": "MURUGT_MYSQL_security_group",
            "name_prefix": "",
            "owner_id": "035825521573",
            "revoke_rules_on_delete": false,
            "tags": {},
            "tags_all": {},
            "timeouts": null,
            "vpc_id": "vpc-0dbc390c467e719e8"
          },
          "sensitive_attributes": [],
          "private": "eyJlMmJmYjczMC1lY2FhLTExZTYtOGY4OC0zNDM2M2JjN2M0YzAiOnsiY3JlYXRlIjo2MDAwMDAwMDAwMDAsImRlbGV0ZSI6OTAwMDAwMDAwMDAwfSwic2NoZW1hX3ZlcnNpb24iOiIxIn0="
        }
      ]
    },
    {
      "mode": "managed",
      "type": "aws_security_group",
      "name": "SG_public_subnet",
      "provider": "provider[\"registry.terraform.io/hashicorp/aws\"]",
      "instances": [
        {
          "schema_version": 1,
          "attributes": {
            "arn": "arn:aws:ec2:ap-south-1:035825521573:security-group/sg-000cba6082875b6ff",
            "description": "Allow SSH and HTTP",
            "egress": [
              {
                "cidr_blocks": [
                  "0.0.0.0/0"
                ],
                "description": "",
                "from_port": 0,
                "ipv6_cidr_blocks": [],
                "prefix_list_ids": [],
                "protocol": "-1",
                "security_groups": [],
                "self": false,
                "to_port": 0
              }
            ],
            "id": "sg-000cba6082875b6ff",
            "ingress": [
              {
                "cidr_blocks": [
                  "0.0.0.0/0"
                ],
                "description": "HTTP from VPC",
                "from_port": 80,
                "ipv6_cidr_blocks": [],
                "prefix_list_ids": [],
                "protocol": "tcp",
                "security_groups": [],
                "self": false,
                "to_port": 80
              },
              {
                "cidr_blocks": [
                  "192.168.40.0/22"
                ],
                "description": "SSH from VPC",
                "from_port": 22,
                "ipv6_cidr_blocks": [],
                "prefix_list_ids": [],
                "protocol": "tcp",
                "security_groups": [],
                "self": false,
                "to_port": 22
              }
            ],
            "name": "MURUGT_WordPress_security_group",
            "name_prefix": "",
            "owner_id": "035825521573",
            "revoke_rules_on_delete": false,
            "tags": {},
            "tags_all": {},
            "timeouts": null,
            "vpc_id": "vpc-0dbc390c467e719e8"
          },
          "sensitive_attributes": [],
          "private": "eyJlMmJmYjczMC1lY2FhLTExZTYtOGY4OC0zNDM2M2JjN2M0YzAiOnsiY3JlYXRlIjo2MDAwMDAwMDAwMDAsImRlbGV0ZSI6OTAwMDAwMDAwMDAwfSwic2NoZW1hX3ZlcnNpb24iOiIxIn0="
        }
      ]
    },
    {
      "mode": "managed",
      "type": "aws_subnet",
      "name": "private_subnet",
      "provider": "provider[\"registry.terraform.io/hashicorp/aws\"]",
      "instances": [
        {
          "schema_version": 1,
          "attributes": {
            "arn": "arn:aws:ec2:ap-south-1:035825521573:subnet/subnet-0ca6de0ef0dd412bc",
            "assign_ipv6_address_on_creation": false,
            "availability_zone": "ap-south-1c",
            "availability_zone_id": "aps1-az2",
            "cidr_block": "10.6.224.0/22",
            "customer_owned_ipv4_pool": "",
            "id": "subnet-0ca6de0ef0dd412bc",
            "ipv6_cidr_block": "",
            "ipv6_cidr_block_association_id": "",
            "map_customer_owned_ip_on_launch": false,
            "map_public_ip_on_launch": false,
            "outpost_arn": "",
            "owner_id": "035825521573",
            "tags": {
              "Name": "murugt-private_subnet"
            },
            "tags_all": {
              "Name": "murugt-private_subnet"
            },
            "timeouts": null,
            "vpc_id": "vpc-0dbc390c467e719e8"
          },
          "sensitive_attributes": [],
          "private": "eyJlMmJmYjczMC1lY2FhLTExZTYtOGY4OC0zNDM2M2JjN2M0YzAiOnsiY3JlYXRlIjo2MDAwMDAwMDAwMDAsImRlbGV0ZSI6MTIwMDAwMDAwMDAwMH0sInNjaGVtYV92ZXJzaW9uIjoiMSJ9"
        }
      ]
    },
    {
      "mode": "managed",
      "type": "null_resource",
      "name": "save_key_pair",
      "provider": "provider[\"registry.terraform.io/hashicorp/null\"]",
      "instances": [
        {
          "schema_version": 0,
          "attributes": {
            "id": "8855462214114102337",
            "triggers": null
          },
          "sensitive_attributes": [],
          "private": "bnVsbA==",
          "dependencies": [
            "tls_private_key.my_key"
          ]
        }
      ]
    },
    {
      "mode": "managed",
      "type": "tls_private_key",
      "name": "my_key",
      "provider": "provider[\"registry.terraform.io/hashicorp/tls\"]",
      "instances": [
        {
          "schema_version": 0,
          "attributes": {
            "algorithm": "RSA",
            "ecdsa_curve": "P224",
            "id": "b5f68c3f22fceab958390762ef05c30891b27780",
            "private_key_pem": "-----BEGIN RSA PRIVATE KEY-----\nMIIEpAIBAAKCAQEAv5imiO2T7OY++AU3kGBdmv+mG7omVnyRZ8sJ0QNzhmROnowo\nrEJrgnXyNsY/2WoezBrnainoV3LcAndvMfcBbLZob7IkZdjSwEwwkbWYeoGgSEm8\ntJuqL4m0ZW5FMCSMJ1qhdNVY7luiEhh0iuw9DonbvFR7l282v/nIgmTF4egqNRq3\nozQPj/O2rSw1ffsJTSs9RKX2RnSywv1gr5dE8ZsOaInjUmq6zmw3JDZZLB0OdZe3\nB1NfRg548kVQujIIBp06P6viF7fpF5O0MqdMBeUHAkhWeyt1AN1W7lLU1A6rH3OD\nXFBEXPAS0BBTAroyPE0NEWi/sf+6/obE3Gkf6QIDAQABAoIBADmCASKCZO8rYOUi\n872THyWB7ILQCefVtfM4fzbMWWWSQALYwPCLcyeSbWRBdzKz5pCO1r0H3SQ6Zo0a\n+jY+FKBj088K4l/rh76OX9msbxr+Q3TPJSP0wU1JgOsdAQllPuglDOc7jljlCi1y\nR7DXHbB6cokBtqMKj51pxORWiQq4FX67TeEnHowCDf3CRyxSLhPz6+b6eTy776xR\nzky5BTxDpmEsQiOcLlWgvWB2WalwgTv1o2Y9QqdaKraOoVfCr1SiiSpJ3wvK5k50\nD+SBZfISs+a6JrjhViU/zXLV81svbIikM/28YCZBufHQNpjryutwT7PqydZLyGGN\nufYsVB0CgYEA/1S8j9QfTsdxxrLiLpG4aGP0w9MthTZJeR4H5CZaifLVPX7wadkP\nV9zBkzBNl8I3rdl98xjD56pqI8ioarR8McstATbX93xl5/utnRfXVlq0yeizf2so\naGsSL2BPAHlb9X3Mec9mOws51Q5x6/wor0ahiZbvT2IPD6o3NPC8/eMCgYEAwBkp\n8rScRckV2wBc/Uw1YAIOgpFCTN5Imw0rYfsAjcspDZYhxFUvykCVPsdW6wkRrnrg\nmlPT0Y2ndIezQg2EtR7FJGwmmoJpflNs0g7B7LIkfL8HW7BK5kpCsVpAtPZqGDZX\ngAFira3GbZohyYpetOeZR22wKoeX4N1pqWdKFMMCgYEA3RfV88FdnszLM6CAhIzA\nHvy23L7HQvugIZWkhaXEboFsrsR1j2Jai91nbXm9JrURm6OiEVeXg8ooAHZnh4Zj\nqIZjoRKJbg80+u0PB+G2IFuJAvFSRPpYUhqs84M0xZdQzsGwxqWVw3jUCi5o7Uw7\nOpMxm7+r15R0sD7XcSsoq7sCgYAFiXQlE8GhXU9s9ZC4mFa9grGqX8d6cbnEBlgm\nxdZZP+7Z/mbQwufSu5PRsGs38RX6Yn5Q1HO5iYy3FiY7lCosEkv6ZcejEnk58+ui\nDlzWlrfohJUQtn8iLifH9uMAlE2wjvhsrx2KBgU/KX8p0Pwz2K0ZWvcF8syU5azi\n/iArgwKBgQDTGrVejcOLvzZ/U6zCbTdeWHZT4ccWV3dNdXN1RkgQpIc1EAIG87Hk\n4iYEJPp/qLIwOxhaHypqYVLiE5vOEhav2k1D30GHG4ScE4UtIrBS8G45AbiNk3md\nHz77LidK4Gfz/pkL3Uh9oXyBQXgIqbPPWJ+nTt32gOAXSaRQ3QuMsA==\n-----END RSA PRIVATE KEY-----\n",
            "public_key_fingerprint_md5": "21:41:fd:d7:c3:4e:9c:8d:31:e3:d8:b2:ad:2a:58:8a",
            "public_key_openssh": "ssh-rsa AAAAB3NzaC1yc2EAAAADAQABAAABAQC/mKaI7ZPs5j74BTeQYF2a/6YbuiZWfJFnywnRA3OGZE6ejCisQmuCdfI2xj/Zah7MGudqKehXctwCd28x9wFstmhvsiRl2NLATDCRtZh6gaBISby0m6ovibRlbkUwJIwnWqF01VjuW6ISGHSK7D0Oidu8VHuXbza/+ciCZMXh6Co1GrejNA+P87atLDV9+wlNKz1EpfZGdLLC/WCvl0Txmw5oieNSarrObDckNlksHQ51l7cHU19GDnjyRVC6MggGnTo/q+IXt+kXk7Qyp0wF5QcCSFZ7K3UA3VbuUtTUDqsfc4NcUERc8BLQEFMCujI8TQ0RaL+x/7r+hsTcaR/p\n",
            "public_key_pem": "-----BEGIN PUBLIC KEY-----\nMIIBIjANBgkqhkiG9w0BAQEFAAOCAQ8AMIIBCgKCAQEAv5imiO2T7OY++AU3kGBd\nmv+mG7omVnyRZ8sJ0QNzhmROnoworEJrgnXyNsY/2WoezBrnainoV3LcAndvMfcB\nbLZob7IkZdjSwEwwkbWYeoGgSEm8tJuqL4m0ZW5FMCSMJ1qhdNVY7luiEhh0iuw9\nDonbvFR7l282v/nIgmTF4egqNRq3ozQPj/O2rSw1ffsJTSs9RKX2RnSywv1gr5dE\n8ZsOaInjUmq6zmw3JDZZLB0OdZe3B1NfRg548kVQujIIBp06P6viF7fpF5O0MqdM\nBeUHAkhWeyt1AN1W7lLU1A6rH3ODXFBEXPAS0BBTAroyPE0NEWi/sf+6/obE3Gkf\n6QIDAQAB\n-----END PUBLIC KEY-----\n",
            "rsa_bits": 2048
          },
          "sensitive_attributes": [],
          "private": "bnVsbA=="
        }
      ]
    }
  ]
}
